// !$*UTF8*$!
{
	archiveVersion = 1;
	classes = {
	};
	objectVersion = 56;
	objects = {

/* Begin PBXBuildFile section */
		CFA1BEEC2BA14457003E0E47 /* UberCloneSwiftUIApp.swift in Sources */ = {isa = PBXBuildFile; fileRef = CFA1BEEB2BA14457003E0E47 /* UberCloneSwiftUIApp.swift */; };
		CFA1BEF02BA1445C003E0E47 /* Assets.xcassets in Resources */ = {isa = PBXBuildFile; fileRef = CFA1BEEF2BA1445C003E0E47 /* Assets.xcassets */; };
		CFA1BEF32BA1445C003E0E47 /* Preview Assets.xcassets in Resources */ = {isa = PBXBuildFile; fileRef = CFA1BEF22BA1445C003E0E47 /* Preview Assets.xcassets */; };
		CFA1BF012BA144F8003E0E47 /* HomeView.swift in Sources */ = {isa = PBXBuildFile; fileRef = CFA1BF002BA144F8003E0E47 /* HomeView.swift */; };
		CFA1BF032BA145F5003E0E47 /* UberMapViewRepresentable.swift in Sources */ = {isa = PBXBuildFile; fileRef = CFA1BF022BA145F5003E0E47 /* UberMapViewRepresentable.swift */; };
		CFA1BF052BA14885003E0E47 /* LocationManager.swift in Sources */ = {isa = PBXBuildFile; fileRef = CFA1BF042BA14885003E0E47 /* LocationManager.swift */; };
		CFA1BF0B2BA15BB4003E0E47 /* LocationSearchActivationView.swift in Sources */ = {isa = PBXBuildFile; fileRef = CFA1BF0A2BA15BB3003E0E47 /* LocationSearchActivationView.swift */; };
		CFA1BF0D2BA15E0F003E0E47 /* MapViewActionButton.swift in Sources */ = {isa = PBXBuildFile; fileRef = CFA1BF0C2BA15E0F003E0E47 /* MapViewActionButton.swift */; };
		CFA1BF0F2BA17C52003E0E47 /* LocationSearchView.swift in Sources */ = {isa = PBXBuildFile; fileRef = CFA1BF0E2BA17C52003E0E47 /* LocationSearchView.swift */; };
		CFA1BF112BA17F4C003E0E47 /* LocationSearchResultsCell.swift in Sources */ = {isa = PBXBuildFile; fileRef = CFA1BF102BA17F4C003E0E47 /* LocationSearchResultsCell.swift */; };
		CFA1BF132BA18A99003E0E47 /* LocationSearchViewModel.swift in Sources */ = {isa = PBXBuildFile; fileRef = CFA1BF122BA18A99003E0E47 /* LocationSearchViewModel.swift */; };
		CFA1BF152BA2B517003E0E47 /* MapViewState.swift in Sources */ = {isa = PBXBuildFile; fileRef = CFA1BF142BA2B516003E0E47 /* MapViewState.swift */; };
		CFA1BF182BA2DBB7003E0E47 /* RideRequestView.swift in Sources */ = {isa = PBXBuildFile; fileRef = CFA1BF172BA2DBB7003E0E47 /* RideRequestView.swift */; };
		CFA1BF1A2BA31590003E0E47 /* RideType.swift in Sources */ = {isa = PBXBuildFile; fileRef = CFA1BF192BA31590003E0E47 /* RideType.swift */; };
		CFA1BF1C2BA3252B003E0E47 /* Double.swift in Sources */ = {isa = PBXBuildFile; fileRef = CFA1BF1B2BA3252B003E0E47 /* Double.swift */; };
		CFA1BF1E2BA33F98003E0E47 /* UberLocation.swift in Sources */ = {isa = PBXBuildFile; fileRef = CFA1BF1D2BA33F98003E0E47 /* UberLocation.swift */; };
/* End PBXBuildFile section */

/* Begin PBXFileReference section */
		CFA1BEE82BA14457003E0E47 /* UberCloneSwiftUI.app */ = {isa = PBXFileReference; explicitFileType = wrapper.application; includeInIndex = 0; path = UberCloneSwiftUI.app; sourceTree = BUILT_PRODUCTS_DIR; };
		CFA1BEEB2BA14457003E0E47 /* UberCloneSwiftUIApp.swift */ = {isa = PBXFileReference; lastKnownFileType = sourcecode.swift; path = UberCloneSwiftUIApp.swift; sourceTree = "<group>"; };
		CFA1BEEF2BA1445C003E0E47 /* Assets.xcassets */ = {isa = PBXFileReference; lastKnownFileType = folder.assetcatalog; path = Assets.xcassets; sourceTree = "<group>"; };
		CFA1BEF22BA1445C003E0E47 /* Preview Assets.xcassets */ = {isa = PBXFileReference; lastKnownFileType = folder.assetcatalog; path = "Preview Assets.xcassets"; sourceTree = "<group>"; };
		CFA1BF002BA144F8003E0E47 /* HomeView.swift */ = {isa = PBXFileReference; lastKnownFileType = sourcecode.swift; path = HomeView.swift; sourceTree = "<group>"; };
		CFA1BF022BA145F5003E0E47 /* UberMapViewRepresentable.swift */ = {isa = PBXFileReference; lastKnownFileType = sourcecode.swift; path = UberMapViewRepresentable.swift; sourceTree = "<group>"; };
		CFA1BF042BA14885003E0E47 /* LocationManager.swift */ = {isa = PBXFileReference; lastKnownFileType = sourcecode.swift; path = LocationManager.swift; sourceTree = "<group>"; };
		CFA1BF0A2BA15BB3003E0E47 /* LocationSearchActivationView.swift */ = {isa = PBXFileReference; lastKnownFileType = sourcecode.swift; path = LocationSearchActivationView.swift; sourceTree = "<group>"; };
		CFA1BF0C2BA15E0F003E0E47 /* MapViewActionButton.swift */ = {isa = PBXFileReference; lastKnownFileType = sourcecode.swift; path = MapViewActionButton.swift; sourceTree = "<group>"; };
		CFA1BF0E2BA17C52003E0E47 /* LocationSearchView.swift */ = {isa = PBXFileReference; lastKnownFileType = sourcecode.swift; path = LocationSearchView.swift; sourceTree = "<group>"; };
		CFA1BF102BA17F4C003E0E47 /* LocationSearchResultsCell.swift */ = {isa = PBXFileReference; lastKnownFileType = sourcecode.swift; path = LocationSearchResultsCell.swift; sourceTree = "<group>"; };
		CFA1BF122BA18A99003E0E47 /* LocationSearchViewModel.swift */ = {isa = PBXFileReference; lastKnownFileType = sourcecode.swift; path = LocationSearchViewModel.swift; sourceTree = "<group>"; };
		CFA1BF142BA2B516003E0E47 /* MapViewState.swift */ = {isa = PBXFileReference; lastKnownFileType = sourcecode.swift; path = MapViewState.swift; sourceTree = "<group>"; };
		CFA1BF172BA2DBB7003E0E47 /* RideRequestView.swift */ = {isa = PBXFileReference; lastKnownFileType = sourcecode.swift; path = RideRequestView.swift; sourceTree = "<group>"; };
		CFA1BF192BA31590003E0E47 /* RideType.swift */ = {isa = PBXFileReference; lastKnownFileType = sourcecode.swift; path = RideType.swift; sourceTree = "<group>"; };
		CFA1BF1B2BA3252B003E0E47 /* Double.swift */ = {isa = PBXFileReference; lastKnownFileType = sourcecode.swift; name = Double.swift; path = UberCloneSwiftUI/Models/Double.swift; sourceTree = SOURCE_ROOT; };
		CFA1BF1D2BA33F98003E0E47 /* UberLocation.swift */ = {isa = PBXFileReference; lastKnownFileType = sourcecode.swift; path = UberLocation.swift; sourceTree = "<group>"; };
/* End PBXFileReference section */

/* Begin PBXFrameworksBuildPhase section */
		CFA1BEE52BA14457003E0E47 /* Frameworks */ = {
			isa = PBXFrameworksBuildPhase;
			buildActionMask = 2147483647;
			files = (
			);
			runOnlyForDeploymentPostprocessing = 0;
		};
/* End PBXFrameworksBuildPhase section */

/* Begin PBXGroup section */
		CFA1BEDF2BA14457003E0E47 = {
			isa = PBXGroup;
			children = (
				CFA1BEEA2BA14457003E0E47 /* UberCloneSwiftUI */,
				CFA1BEE92BA14457003E0E47 /* Products */,
			);
			sourceTree = "<group>";
		};
		CFA1BEE92BA14457003E0E47 /* Products */ = {
			isa = PBXGroup;
			children = (
				CFA1BEE82BA14457003E0E47 /* UberCloneSwiftUI.app */,
			);
			name = Products;
			sourceTree = "<group>";
		};
		CFA1BEEA2BA14457003E0E47 /* UberCloneSwiftUI */ = {
			isa = PBXGroup;
			children = (
				CFA1BEFD2BA14499003E0E47 /* App */,
				CFA1BEFC2BA14496003E0E47 /* Core */,
				CFA1BEFB2BA14487003E0E47 /* Extensions */,
				CFA1BEFA2BA14485003E0E47 /* Managers */,
				CFA1BEF92BA14479003E0E47 /* Models */,
				CFA1BEEF2BA1445C003E0E47 /* Assets.xcassets */,
				CFA1BEF12BA1445C003E0E47 /* Preview Content */,
			);
			path = UberCloneSwiftUI;
			sourceTree = "<group>";
		};
		CFA1BEF12BA1445C003E0E47 /* Preview Content */ = {
			isa = PBXGroup;
			children = (
				CFA1BEF22BA1445C003E0E47 /* Preview Assets.xcassets */,
			);
			path = "Preview Content";
			sourceTree = "<group>";
		};
		CFA1BEF92BA14479003E0E47 /* Models */ = {
			isa = PBXGroup;
			children = (
				CFA1BF142BA2B516003E0E47 /* MapViewState.swift */,
				CFA1BF192BA31590003E0E47 /* RideType.swift */,
				CFA1BF1D2BA33F98003E0E47 /* UberLocation.swift */,
			);
			path = Models;
			sourceTree = "<group>";
		};
		CFA1BEFA2BA14485003E0E47 /* Managers */ = {
			isa = PBXGroup;
			children = (
				CFA1BF042BA14885003E0E47 /* LocationManager.swift */,
			);
			path = Managers;
			sourceTree = "<group>";
		};
		CFA1BEFB2BA14487003E0E47 /* Extensions */ = {
			isa = PBXGroup;
			children = (
				CFA1BF1B2BA3252B003E0E47 /* Double.swift */,
			);
			name = Extensions;
			path = "New Group1/Extensions";
			sourceTree = "<group>";
		};
		CFA1BEFC2BA14496003E0E47 /* Core */ = {
			isa = PBXGroup;
			children = (
				CFA1BF162BA2DB9D003E0E47 /* Trips */,
				CFA1BF062BA15B5D003E0E47 /* Home */,
			);
			path = Core;
			sourceTree = "<group>";
		};
		CFA1BEFD2BA14499003E0E47 /* App */ = {
			isa = PBXGroup;
			children = (
				CFA1BEEB2BA14457003E0E47 /* UberCloneSwiftUIApp.swift */,
			);
			path = App;
			sourceTree = "<group>";
		};
		CFA1BEFE2BA144D0003E0E47 /* Views */ = {
			isa = PBXGroup;
			children = (
				CFA1BF002BA144F8003E0E47 /* HomeView.swift */,
				CFA1BF022BA145F5003E0E47 /* UberMapViewRepresentable.swift */,
				CFA1BF0C2BA15E0F003E0E47 /* MapViewActionButton.swift */,
			);
			path = Views;
			sourceTree = "<group>";
		};
		CFA1BEFF2BA144D2003E0E47 /* ViewModel */ = {
			isa = PBXGroup;
			children = (
			);
			path = ViewModel;
			sourceTree = "<group>";
		};
		CFA1BF062BA15B5D003E0E47 /* Home */ = {
			isa = PBXGroup;
			children = (
				CFA1BF072BA15B72003E0E47 /* LocationSearch */,
				CFA1BEFF2BA144D2003E0E47 /* ViewModel */,
				CFA1BEFE2BA144D0003E0E47 /* Views */,
			);
			path = Home;
			sourceTree = "<group>";
		};
		CFA1BF072BA15B72003E0E47 /* LocationSearch */ = {
			isa = PBXGroup;
			children = (
				CFA1BF082BA15B83003E0E47 /* ViewModel */,
				CFA1BF092BA15B8A003E0E47 /* Views */,
			);
			path = LocationSearch;
			sourceTree = "<group>";
		};
		CFA1BF082BA15B83003E0E47 /* ViewModel */ = {
			isa = PBXGroup;
			children = (
				CFA1BF122BA18A99003E0E47 /* LocationSearchViewModel.swift */,
			);
			path = ViewModel;
			sourceTree = "<group>";
		};
		CFA1BF092BA15B8A003E0E47 /* Views */ = {
			isa = PBXGroup;
			children = (
				CFA1BF0E2BA17C52003E0E47 /* LocationSearchView.swift */,
				CFA1BF0A2BA15BB3003E0E47 /* LocationSearchActivationView.swift */,
				CFA1BF102BA17F4C003E0E47 /* LocationSearchResultsCell.swift */,
			);
			path = Views;
			sourceTree = "<group>";
		};
		CFA1BF162BA2DB9D003E0E47 /* Trips */ = {
			isa = PBXGroup;
			children = (
				CFA1BF172BA2DBB7003E0E47 /* RideRequestView.swift */,
			);
			path = Trips;
			sourceTree = "<group>";
		};
/* End PBXGroup section */

/* Begin PBXNativeTarget section */
		CFA1BEE72BA14457003E0E47 /* UberCloneSwiftUI */ = {
			isa = PBXNativeTarget;
			buildConfigurationList = CFA1BEF62BA1445C003E0E47 /* Build configuration list for PBXNativeTarget "UberCloneSwiftUI" */;
			buildPhases = (
				CFA1BEE42BA14457003E0E47 /* Sources */,
				CFA1BEE52BA14457003E0E47 /* Frameworks */,
				CFA1BEE62BA14457003E0E47 /* Resources */,
			);
			buildRules = (
			);
			dependencies = (
			);
			name = UberCloneSwiftUI;
			productName = UberCloneSwiftUI;
			productReference = CFA1BEE82BA14457003E0E47 /* UberCloneSwiftUI.app */;
			productType = "com.apple.product-type.application";
		};
/* End PBXNativeTarget section */

/* Begin PBXProject section */
		CFA1BEE02BA14457003E0E47 /* Project object */ = {
			isa = PBXProject;
			attributes = {
				BuildIndependentTargetsInParallel = 1;
				LastSwiftUpdateCheck = 1530;
				LastUpgradeCheck = 1530;
				TargetAttributes = {
					CFA1BEE72BA14457003E0E47 = {
						CreatedOnToolsVersion = 15.3;
					};
				};
			};
			buildConfigurationList = CFA1BEE32BA14457003E0E47 /* Build configuration list for PBXProject "UberCloneSwiftUI" */;
			compatibilityVersion = "Xcode 14.0";
			developmentRegion = en;
			hasScannedForEncodings = 0;
			knownRegions = (
				en,
				Base,
			);
			mainGroup = CFA1BEDF2BA14457003E0E47;
			productRefGroup = CFA1BEE92BA14457003E0E47 /* Products */;
			projectDirPath = "";
			projectRoot = "";
			targets = (
				CFA1BEE72BA14457003E0E47 /* UberCloneSwiftUI */,
			);
		};
/* End PBXProject section */

/* Begin PBXResourcesBuildPhase section */
		CFA1BEE62BA14457003E0E47 /* Resources */ = {
			isa = PBXResourcesBuildPhase;
			buildActionMask = 2147483647;
			files = (
				CFA1BEF32BA1445C003E0E47 /* Preview Assets.xcassets in Resources */,
				CFA1BEF02BA1445C003E0E47 /* Assets.xcassets in Resources */,
			);
			runOnlyForDeploymentPostprocessing = 0;
		};
/* End PBXResourcesBuildPhase section */

/* Begin PBXSourcesBuildPhase section */
		CFA1BEE42BA14457003E0E47 /* Sources */ = {
			isa = PBXSourcesBuildPhase;
			buildActionMask = 2147483647;
			files = (
				CFA1BF132BA18A99003E0E47 /* LocationSearchViewModel.swift in Sources */,
				CFA1BF0F2BA17C52003E0E47 /* LocationSearchView.swift in Sources */,
				CFA1BF052BA14885003E0E47 /* LocationManager.swift in Sources */,
				CFA1BF182BA2DBB7003E0E47 /* RideRequestView.swift in Sources */,
				CFA1BF1C2BA3252B003E0E47 /* Double.swift in Sources */,
				CFA1BF152BA2B517003E0E47 /* MapViewState.swift in Sources */,
				CFA1BF0D2BA15E0F003E0E47 /* MapViewActionButton.swift in Sources */,
				CFA1BF112BA17F4C003E0E47 /* LocationSearchResultsCell.swift in Sources */,
				CFA1BEEC2BA14457003E0E47 /* UberCloneSwiftUIApp.swift in Sources */,
				CFA1BF032BA145F5003E0E47 /* UberMapViewRepresentable.swift in Sources */,
				CFA1BF1E2BA33F98003E0E47 /* UberLocation.swift in Sources */,
				CFA1BF012BA144F8003E0E47 /* HomeView.swift in Sources */,
				CFA1BF0B2BA15BB4003E0E47 /* LocationSearchActivationView.swift in Sources */,
				CFA1BF1A2BA31590003E0E47 /* RideType.swift in Sources */,
			);
			runOnlyForDeploymentPostprocessing = 0;
		};
/* End PBXSourcesBuildPhase section */

/* Begin XCBuildConfiguration section */
		CFA1BEF42BA1445C003E0E47 /* Debug */ = {
			isa = XCBuildConfiguration;
			buildSettings = {
				ALWAYS_SEARCH_USER_PATHS = NO;
				ASSETCATALOG_COMPILER_GENERATE_SWIFT_ASSET_SYMBOL_EXTENSIONS = YES;
				CLANG_ANALYZER_NONNULL = YES;
				CLANG_ANALYZER_NUMBER_OBJECT_CONVERSION = YES_AGGRESSIVE;
				CLANG_CXX_LANGUAGE_STANDARD = "gnu++20";
				CLANG_ENABLE_MODULES = YES;
				CLANG_ENABLE_OBJC_ARC = YES;
				CLANG_ENABLE_OBJC_WEAK = YES;
				CLANG_WARN_BLOCK_CAPTURE_AUTORELEASING = YES;
				CLANG_WARN_BOOL_CONVERSION = YES;
				CLANG_WARN_COMMA = YES;
				CLANG_WARN_CONSTANT_CONVERSION = YES;
				CLANG_WARN_DEPRECATED_OBJC_IMPLEMENTATIONS = YES;
				CLANG_WARN_DIRECT_OBJC_ISA_USAGE = YES_ERROR;
				CLANG_WARN_DOCUMENTATION_COMMENTS = YES;
				CLANG_WARN_EMPTY_BODY = YES;
				CLANG_WARN_ENUM_CONVERSION = YES;
				CLANG_WARN_INFINITE_RECURSION = YES;
				CLANG_WARN_INT_CONVERSION = YES;
				CLANG_WARN_NON_LITERAL_NULL_CONVERSION = YES;
				CLANG_WARN_OBJC_IMPLICIT_RETAIN_SELF = YES;
				CLANG_WARN_OBJC_LITERAL_CONVERSION = YES;
				CLANG_WARN_OBJC_ROOT_CLASS = YES_ERROR;
				CLANG_WARN_QUOTED_INCLUDE_IN_FRAMEWORK_HEADER = YES;
				CLANG_WARN_RANGE_LOOP_ANALYSIS = YES;
				CLANG_WARN_STRICT_PROTOTYPES = YES;
				CLANG_WARN_SUSPICIOUS_MOVE = YES;
				CLANG_WARN_UNGUARDED_AVAILABILITY = YES_AGGRESSIVE;
				CLANG_WARN_UNREACHABLE_CODE = YES;
				CLANG_WARN__DUPLICATE_METHOD_MATCH = YES;
				COPY_PHASE_STRIP = NO;
				DEBUG_INFORMATION_FORMAT = dwarf;
				ENABLE_STRICT_OBJC_MSGSEND = YES;
				ENABLE_TESTABILITY = YES;
				ENABLE_USER_SCRIPT_SANDBOXING = YES;
				GCC_C_LANGUAGE_STANDARD = gnu17;
				GCC_DYNAMIC_NO_PIC = NO;
				GCC_NO_COMMON_BLOCKS = YES;
				GCC_OPTIMIZATION_LEVEL = 0;
				GCC_PREPROCESSOR_DEFINITIONS = (
					"DEBUG=1",
					"$(inherited)",
				);
				GCC_WARN_64_TO_32_BIT_CONVERSION = YES;
				GCC_WARN_ABOUT_RETURN_TYPE = YES_ERROR;
				GCC_WARN_UNDECLARED_SELECTOR = YES;
				GCC_WARN_UNINITIALIZED_AUTOS = YES_AGGRESSIVE;
				GCC_WARN_UNUSED_FUNCTION = YES;
				GCC_WARN_UNUSED_VARIABLE = YES;
				IPHONEOS_DEPLOYMENT_TARGET = 17.4;
				LOCALIZATION_PREFERS_STRING_CATALOGS = YES;
				MTL_ENABLE_DEBUG_INFO = INCLUDE_SOURCE;
				MTL_FAST_MATH = YES;
				ONLY_ACTIVE_ARCH = YES;
				SDKROOT = iphoneos;
				SWIFT_ACTIVE_COMPILATION_CONDITIONS = "DEBUG $(inherited)";
				SWIFT_OPTIMIZATION_LEVEL = "-Onone";
			};
			name = Debug;
		};
		CFA1BEF52BA1445C003E0E47 /* Release */ = {
			isa = XCBuildConfiguration;
			buildSettings = {
				ALWAYS_SEARCH_USER_PATHS = NO;
				ASSETCATALOG_COMPILER_GENERATE_SWIFT_ASSET_SYMBOL_EXTENSIONS = YES;
				CLANG_ANALYZER_NONNULL = YES;
				CLANG_ANALYZER_NUMBER_OBJECT_CONVERSION = YES_AGGRESSIVE;
				CLANG_CXX_LANGUAGE_STANDARD = "gnu++20";
				CLANG_ENABLE_MODULES = YES;
				CLANG_ENABLE_OBJC_ARC = YES;
				CLANG_ENABLE_OBJC_WEAK = YES;
				CLANG_WARN_BLOCK_CAPTURE_AUTORELEASING = YES;
				CLANG_WARN_BOOL_CONVERSION = YES;
				CLANG_WARN_COMMA = YES;
				CLANG_WARN_CONSTANT_CONVERSION = YES;
				CLANG_WARN_DEPRECATED_OBJC_IMPLEMENTATIONS = YES;
				CLANG_WARN_DIRECT_OBJC_ISA_USAGE = YES_ERROR;
				CLANG_WARN_DOCUMENTATION_COMMENTS = YES;
				CLANG_WARN_EMPTY_BODY = YES;
				CLANG_WARN_ENUM_CONVERSION = YES;
				CLANG_WARN_INFINITE_RECURSION = YES;
				CLANG_WARN_INT_CONVERSION = YES;
				CLANG_WARN_NON_LITERAL_NULL_CONVERSION = YES;
				CLANG_WARN_OBJC_IMPLICIT_RETAIN_SELF = YES;
				CLANG_WARN_OBJC_LITERAL_CONVERSION = YES;
				CLANG_WARN_OBJC_ROOT_CLASS = YES_ERROR;
				CLANG_WARN_QUOTED_INCLUDE_IN_FRAMEWORK_HEADER = YES;
				CLANG_WARN_RANGE_LOOP_ANALYSIS = YES;
				CLANG_WARN_STRICT_PROTOTYPES = YES;
				CLANG_WARN_SUSPICIOUS_MOVE = YES;
				CLANG_WARN_UNGUARDED_AVAILABILITY = YES_AGGRESSIVE;
				CLANG_WARN_UNREACHABLE_CODE = YES;
				CLANG_WARN__DUPLICATE_METHOD_MATCH = YES;
				COPY_PHASE_STRIP = NO;
				DEBUG_INFORMATION_FORMAT = "dwarf-with-dsym";
				ENABLE_NS_ASSERTIONS = NO;
				ENABLE_STRICT_OBJC_MSGSEND = YES;
				ENABLE_USER_SCRIPT_SANDBOXING = YES;
				GCC_C_LANGUAGE_STANDARD = gnu17;
				GCC_NO_COMMON_BLOCKS = YES;
				GCC_WARN_64_TO_32_BIT_CONVERSION = YES;
				GCC_WARN_ABOUT_RETURN_TYPE = YES_ERROR;
				GCC_WARN_UNDECLARED_SELECTOR = YES;
				GCC_WARN_UNINITIALIZED_AUTOS = YES_AGGRESSIVE;
				GCC_WARN_UNUSED_FUNCTION = YES;
				GCC_WARN_UNUSED_VARIABLE = YES;
				IPHONEOS_DEPLOYMENT_TARGET = 17.4;
				LOCALIZATION_PREFERS_STRING_CATALOGS = YES;
				MTL_ENABLE_DEBUG_INFO = NO;
				MTL_FAST_MATH = YES;
				SDKROOT = iphoneos;
				SWIFT_COMPILATION_MODE = wholemodule;
				VALIDATE_PRODUCT = YES;
			};
			name = Release;
		};
		CFA1BEF72BA1445C003E0E47 /* Debug */ = {
			isa = XCBuildConfiguration;
			buildSettings = {
				ASSETCATALOG_COMPILER_APPICON_NAME = AppIcon;
				ASSETCATALOG_COMPILER_GLOBAL_ACCENT_COLOR_NAME = AccentColor;
				CODE_SIGN_STYLE = Automatic;
				CURRENT_PROJECT_VERSION = 1;
				DEVELOPMENT_ASSET_PATHS = "\"UberCloneSwiftUI/Preview Content\"";
				DEVELOPMENT_TEAM = 9P4H9V8B86;
				ENABLE_PREVIEWS = YES;
				GENERATE_INFOPLIST_FILE = YES;
				INFOPLIST_KEY_NSLocationWhenInUseUsageDescription = "Please allow us to access your location to find you neaby drivers and riders";
				INFOPLIST_KEY_UIApplicationSceneManifest_Generation = YES;
				INFOPLIST_KEY_UIApplicationSupportsIndirectInputEvents = YES;
				INFOPLIST_KEY_UILaunchScreen_Generation = YES;
				INFOPLIST_KEY_UISupportedInterfaceOrientations_iPad = "UIInterfaceOrientationPortrait UIInterfaceOrientationPortraitUpsideDown UIInterfaceOrientationLandscapeLeft UIInterfaceOrientationLandscapeRight";
				INFOPLIST_KEY_UISupportedInterfaceOrientations_iPhone = "UIInterfaceOrientationPortrait UIInterfaceOrientationLandscapeLeft UIInterfaceOrientationLandscapeRight";
				LD_RUNPATH_SEARCH_PATHS = (
					"$(inherited)",
					"@executable_path/Frameworks",
				);
				MARKETING_VERSION = 1.0;
				PRODUCT_BUNDLE_IDENTIFIER = com.renesalomone.UberCloneSwiftUI;
				PRODUCT_NAME = "$(TARGET_NAME)";
				SWIFT_EMIT_LOC_STRINGS = YES;
				SWIFT_VERSION = 5.0;
				TARGETED_DEVICE_FAMILY = "1,2";
			};
			name = Debug;
		};
		CFA1BEF82BA1445C003E0E47 /* Release */ = {
			isa = XCBuildConfiguration;
			buildSettings = {
				ASSETCATALOG_COMPILER_APPICON_NAME = AppIcon;
				ASSETCATALOG_COMPILER_GLOBAL_ACCENT_COLOR_NAME = AccentColor;
				CODE_SIGN_STYLE = Automatic;
				CURRENT_PROJECT_VERSION = 1;
				DEVELOPMENT_ASSET_PATHS = "\"UberCloneSwiftUI/Preview Content\"";
				DEVELOPMENT_TEAM = 9P4H9V8B86;
				ENABLE_PREVIEWS = YES;
				GENERATE_INFOPLIST_FILE = YES;
				INFOPLIST_KEY_NSLocationWhenInUseUsageDescription = "Please allow us to access your location to find you neaby drivers and riders";
				INFOPLIST_KEY_UIApplicationSceneManifest_Generation = YES;
				INFOPLIST_KEY_UIApplicationSupportsIndirectInputEvents = YES;
				INFOPLIST_KEY_UILaunchScreen_Generation = YES;
				INFOPLIST_KEY_UISupportedInterfaceOrientations_iPad = "UIInterfaceOrientationPortrait UIInterfaceOrientationPortraitUpsideDown UIInterfaceOrientationLandscapeLeft UIInterfaceOrientationLandscapeRight";
				INFOPLIST_KEY_UISupportedInterfaceOrientations_iPhone = "UIInterfaceOrientationPortrait UIInterfaceOrientationLandscapeLeft UIInterfaceOrientationLandscapeRight";
				LD_RUNPATH_SEARCH_PATHS = (
					"$(inherited)",
					"@executable_path/Frameworks",
				);
				MARKETING_VERSION = 1.0;
				PRODUCT_BUNDLE_IDENTIFIER = com.renesalomone.UberCloneSwiftUI;
				PRODUCT_NAME = "$(TARGET_NAME)";
				SWIFT_EMIT_LOC_STRINGS = YES;
				SWIFT_VERSION = 5.0;
				TARGETED_DEVICE_FAMILY = "1,2";
			};
			name = Release;
		};
/* End XCBuildConfiguration section */

/* Begin XCConfigurationList section */
		CFA1BEE32BA14457003E0E47 /* Build configuration list for PBXProject "UberCloneSwiftUI" */ = {
			isa = XCConfigurationList;
			buildConfigurations = (
				CFA1BEF42BA1445C003E0E47 /* Debug */,
				CFA1BEF52BA1445C003E0E47 /* Release */,
			);
			defaultConfigurationIsVisible = 0;
			defaultConfigurationName = Release;
		};
		CFA1BEF62BA1445C003E0E47 /* Build configuration list for PBXNativeTarget "UberCloneSwiftUI" */ = {
			isa = XCConfigurationList;
			buildConfigurations = (
				CFA1BEF72BA1445C003E0E47 /* Debug */,
				CFA1BEF82BA1445C003E0E47 /* Release */,
			);
			defaultConfigurationIsVisible = 0;
			defaultConfigurationName = Release;
		};
/* End XCConfigurationList section */
	};
	rootObject = CFA1BEE02BA14457003E0E47 /* Project object */;
}
